
Microsoft Visual Studio Solution File, Format Version 12.00
# Visual Studio 15
VisualStudioVersion = 15.0.28307.539
MinimumVisualStudioVersion = 10.0.40219.1
Project("{E24C65DC-7377-472B-9ABA-BC803B73C61A}") = "FlowersMall", "FlowersMall\", "{49B40262-CC7A-4992-A3D9-4F500B2BD462}"
	ProjectSection(WebsiteProperties) = preProject
		TargetFrameworkMoniker = ".NETFramework,Version%3Dv4.6.1"
		Debug.AspNetCompiler.VirtualPath = "/localhost_45419"
		Debug.AspNetCompiler.PhysicalPath = "FlowersMall\"
		Debug.AspNetCompiler.TargetPath = "PrecompiledWeb\localhost_45419\"
		Debug.AspNetCompiler.Updateable = "true"
		Debug.AspNetCompiler.ForceOverwrite = "true"
		Debug.AspNetCompiler.FixedNames = "false"
		Debug.AspNetCompiler.Debug = "True"
		Release.AspNetCompiler.VirtualPath = "/localhost_45419"
		Release.AspNetCompiler.PhysicalPath = "FlowersMall\"
		Release.AspNetCompiler.TargetPath = "PrecompiledWeb\localhost_45419\"
		Release.AspNetCompiler.Updateable = "true"
		Release.AspNetCompiler.ForceOverwrite = "true"
		Release.AspNetCompiler.FixedNames = "false"
		Release.AspNetCompiler.Debug = "False"
		VWDPort = "45419"
		SlnRelativePath = "FlowersMall\"
		DefaultWebSiteLanguage = "Visual C#"
	EndProjectSection
EndProject
Global
	GlobalSection(SolutionConfigurationPlatforms) = preSolution
		Debug|Any CPU = Debug|Any CPU
	EndGlobalSection
	GlobalSection(ProjectConfigurationPlatforms) = postSolution
		{49B40262-CC7A-4992-A3D9-4F500B2BD462}.Debug|Any CPU.ActiveCfg = Debug|Any CPU
		{49B40262-CC7A-4992-A3D9-4F500B2BD462}.Debug|Any CPU.Build.0 = Debug|Any CPU
	EndGlobalSection
	GlobalSection(SolutionProperties) = preSolution
		HideSolutionNode = FALSE
	EndGlobalSection
	GlobalSection(ExtensibilityGlobals) = postSolution
		SolutionGuid = {47CCAAA7-DE51-4745-93C9-7E2161BAA040}
	EndGlobalSection
EndGlobal
